
Microsoft Visual Studio Solution File, Format Version 12.00
# Visual Studio Version 17
VisualStudioVersion = 17.4.33213.308
MinimumVisualStudioVersion = 10.0.40219.1
Project("{FAE04EC0-301F-11D3-BF4B-00C04F79EFBC}") = "ShopOnline.Web", "ShopOnline.Web\ShopOnline.Web.csproj", "{95124B11-A40E-4633-BB84-36D01EDD5AED}"
EndProject
Project("{FAE04EC0-301F-11D3-BF4B-00C04F79EFBC}") = "ShopOnline.Api", "ShopOnline.Api\ShopOnline.Api.csproj", "{63809ACD-5C15-4B5D-828A-F506A7C78A09}"
EndProject
Project("{FAE04EC0-301F-11D3-BF4B-00C04F79EFBC}") = "ShopOnline.Models", "ShopOnline.Models\ShopOnline.Models.csproj", "{73571E75-125A-4111-906F-2A184A197464}"
EndProject
Global
	GlobalSection(SolutionConfigurationPlatforms) = preSolution
		Debug|Any CPU = Debug|Any CPU
		Release|Any CPU = Release|Any CPU
	EndGlobalSection
	GlobalSection(ProjectConfigurationPlatforms) = postSolution
		{95124B11-A40E-4633-BB84-36D01EDD5AED}.Debug|Any CPU.ActiveCfg = Debug|Any CPU
		{95124B11-A40E-4633-BB84-36D01EDD5AED}.Debug|Any CPU.Build.0 = Debug|Any CPU
		{95124B11-A40E-4633-BB84-36D01EDD5AED}.Release|Any CPU.ActiveCfg = Release|Any CPU
		{95124B11-A40E-4633-BB84-36D01EDD5AED}.Release|Any CPU.Build.0 = Release|Any CPU
		{63809ACD-5C15-4B5D-828A-F506A7C78A09}.Debug|Any CPU.ActiveCfg = Debug|Any CPU
		{63809ACD-5C15-4B5D-828A-F506A7C78A09}.Debug|Any CPU.Build.0 = Debug|Any CPU
		{63809ACD-5C15-4B5D-828A-F506A7C78A09}.Release|Any CPU.ActiveCfg = Release|Any CPU
		{63809ACD-5C15-4B5D-828A-F506A7C78A09}.Release|Any CPU.Build.0 = Release|Any CPU
		{73571E75-125A-4111-906F-2A184A197464}.Debug|Any CPU.ActiveCfg = Debug|Any CPU
		{73571E75-125A-4111-906F-2A184A197464}.Debug|Any CPU.Build.0 = Debug|Any CPU
		{73571E75-125A-4111-906F-2A184A197464}.Release|Any CPU.ActiveCfg = Release|Any CPU
		{73571E75-125A-4111-906F-2A184A197464}.Release|Any CPU.Build.0 = Release|Any CPU
	EndGlobalSection
	GlobalSection(SolutionProperties) = preSolution
		HideSolutionNode = FALSE
	EndGlobalSection
	GlobalSection(ExtensibilityGlobals) = postSolution
		SolutionGuid = {DE56A43B-0750-461D-AA01-BD56CA7088F9}
	EndGlobalSection
EndGlobal
